
Microsoft Visual Studio Solution File, Format Version 12.00
# Visual Studio Version 16
VisualStudioVersion = 16.0.29123.88
MinimumVisualStudioVersion = 10.0.40219.1
Project("{9A19103F-16F7-4668-BE54-9A1E7A4F7556}") = "Plugin.FluentValidationRules", "Plugin.FluentValidationRules.csproj", "{52350DB9-CF17-43B9-B4AE-A54E2D347F19}"
EndProject
Project("{9A19103F-16F7-4668-BE54-9A1E7A4F7556}") = "Plugin.FluentValidationRules.Tests", "..\Plugin.FluentValidationRules.Tests\Plugin.FluentValidationRules.Tests.csproj", "{066C1889-20C3-42BA-8B34-CD6D2C7911E7}"
EndProject
Global
	GlobalSection(SolutionConfigurationPlatforms) = preSolution
		Debug|Any CPU = Debug|Any CPU
		Release|Any CPU = Release|Any CPU
	EndGlobalSection
	GlobalSection(ProjectConfigurationPlatforms) = postSolution
		{52350DB9-CF17-43B9-B4AE-A54E2D347F19}.Debug|Any CPU.ActiveCfg = Debug|Any CPU
		{52350DB9-CF17-43B9-B4AE-A54E2D347F19}.Debug|Any CPU.Build.0 = Debug|Any CPU
		{52350DB9-CF17-43B9-B4AE-A54E2D347F19}.Release|Any CPU.ActiveCfg = Release|Any CPU
		{52350DB9-CF17-43B9-B4AE-A54E2D347F19}.Release|Any CPU.Build.0 = Release|Any CPU
		{066C1889-20C3-42BA-8B34-CD6D2C7911E7}.Debug|Any CPU.ActiveCfg = Debug|Any CPU
		{066C1889-20C3-42BA-8B34-CD6D2C7911E7}.Debug|Any CPU.Build.0 = Debug|Any CPU
		{066C1889-20C3-42BA-8B34-CD6D2C7911E7}.Release|Any CPU.ActiveCfg = Release|Any CPU
		{066C1889-20C3-42BA-8B34-CD6D2C7911E7}.Release|Any CPU.Build.0 = Release|Any CPU
	EndGlobalSection
	GlobalSection(SolutionProperties) = preSolution
		HideSolutionNode = FALSE
	EndGlobalSection
	GlobalSection(ExtensibilityGlobals) = postSolution
		SolutionGuid = {B5EC51AB-94EF-4A91-BA0E-8FDF7F7DFA78}
	EndGlobalSection
EndGlobal
